
Microsoft Visual Studio Solution File, Format Version 12.00
# Visual Studio Version 17
VisualStudioVersion = 17.7.34202.233
MinimumVisualStudioVersion = 10.0.40219.1
Project("{FAE04EC0-301F-11D3-BF4B-00C04F79EFBC}") = "Conductor", "Conductor\Conductor.csproj", "{64324823-6D1E-4E1B-AFC1-6F5586B46F57}"
EndProject
Global
	GlobalSection(SolutionConfigurationPlatforms) = preSolution
		Debug|Any CPU = Debug|Any CPU
		Release|Any CPU = Release|Any CPU
	EndGlobalSection
	GlobalSection(ProjectConfigurationPlatforms) = postSolution
		{64324823-6D1E-4E1B-AFC1-6F5586B46F57}.Debug|Any CPU.ActiveCfg = Debug|Any CPU
		{64324823-6D1E-4E1B-AFC1-6F5586B46F57}.Debug|Any CPU.Build.0 = Debug|Any CPU
		{64324823-6D1E-4E1B-AFC1-6F5586B46F57}.Release|Any CPU.ActiveCfg = Release|Any CPU
		{64324823-6D1E-4E1B-AFC1-6F5586B46F57}.Release|Any CPU.Build.0 = Release|Any CPU
	EndGlobalSection
	GlobalSection(SolutionProperties) = preSolution
		HideSolutionNode = FALSE
	EndGlobalSection
	GlobalSection(ExtensibilityGlobals) = postSolution
		SolutionGuid = {72AF056C-0306-4FAD-AF9E-B6DC567ECB70}
	EndGlobalSection
EndGlobal
